// !$*UTF8*$!
{
	archiveVersion = 1;
	classes = {
	};
	objectVersion = 55;
	objects = {

/* Begin PBXBuildFile section */
		85DF4CD7FE5AB1F6C4DDA36B /* Pods_P4_shuffle_cards_app.framework in Frameworks */ = {isa = PBXBuildFile; fileRef = 3CD825A12AB01B6C1B8D1E9F /* Pods_P4_shuffle_cards_app.framework */; };
		C21BA0B9285C23BE00949227 /* BasicRequestFeatures.swift in Sources */ = {isa = PBXBuildFile; fileRef = C21BA0B8285C23BE00949227 /* BasicRequestFeatures.swift */; };
		C21BA0BB285C247A00949227 /* CollectionViewFeatures.swift in Sources */ = {isa = PBXBuildFile; fileRef = C21BA0BA285C247A00949227 /* CollectionViewFeatures.swift */; };
		C21BA0BD285C25AF00949227 /* ImproveRequestFeatures.swift in Sources */ = {isa = PBXBuildFile; fileRef = C21BA0BC285C25AF00949227 /* ImproveRequestFeatures.swift */; };
		C21BA0BF285C26B600949227 /* SearchBarFeatures.swift in Sources */ = {isa = PBXBuildFile; fileRef = C21BA0BE285C26B600949227 /* SearchBarFeatures.swift */; };
		C22E5B5E2852B9C500D12FFC /* AppDelegate.swift in Sources */ = {isa = PBXBuildFile; fileRef = C22E5B5D2852B9C500D12FFC /* AppDelegate.swift */; };
		C22E5B602852B9C500D12FFC /* SceneDelegate.swift in Sources */ = {isa = PBXBuildFile; fileRef = C22E5B5F2852B9C500D12FFC /* SceneDelegate.swift */; };
		C22E5B622852B9C500D12FFC /* ViewController.swift in Sources */ = {isa = PBXBuildFile; fileRef = C22E5B612852B9C500D12FFC /* ViewController.swift */; };
		C22E5B652852B9C500D12FFC /* Main.storyboard in Resources */ = {isa = PBXBuildFile; fileRef = C22E5B632852B9C500D12FFC /* Main.storyboard */; };
		C22E5B672852B9C500D12FFC /* Assets.xcassets in Resources */ = {isa = PBXBuildFile; fileRef = C22E5B662852B9C500D12FFC /* Assets.xcassets */; };
		C22E5B6A2852B9C500D12FFC /* LaunchScreen.storyboard in Resources */ = {isa = PBXBuildFile; fileRef = C22E5B682852B9C500D12FFC /* LaunchScreen.storyboard */; };
		C22E5B762852BE5100D12FFC /* CardCollectionViewCell.swift in Sources */ = {isa = PBXBuildFile; fileRef = C22E5B742852BE5100D12FFC /* CardCollectionViewCell.swift */; };
		C22E5B772852BE5100D12FFC /* CardCollectionViewCell.xib in Resources */ = {isa = PBXBuildFile; fileRef = C22E5B752852BE5100D12FFC /* CardCollectionViewCell.xib */; };
		C2ADD08328582349000588A4 /* NetworkManager.swift in Sources */ = {isa = PBXBuildFile; fileRef = C2ADD08228582349000588A4 /* NetworkManager.swift */; };
		C2ADD085285823F0000588A4 /* ShuffleDeck.swift in Sources */ = {isa = PBXBuildFile; fileRef = C2ADD084285823F0000588A4 /* ShuffleDeck.swift */; };
		C2ADD08928582633000588A4 /* CardsResponse.swift in Sources */ = {isa = PBXBuildFile; fileRef = C2ADD08828582633000588A4 /* CardsResponse.swift */; };
/* End PBXBuildFile section */

/* Begin PBXFileReference section */
		00B6ADC0048CEFC6157BC608 /* Pods-P4_shuffle_cards_app.release.xcconfig */ = {isa = PBXFileReference; includeInIndex = 1; lastKnownFileType = text.xcconfig; name = "Pods-P4_shuffle_cards_app.release.xcconfig"; path = "Target Support Files/Pods-P4_shuffle_cards_app/Pods-P4_shuffle_cards_app.release.xcconfig"; sourceTree = "<group>"; };
		3CD825A12AB01B6C1B8D1E9F /* Pods_P4_shuffle_cards_app.framework */ = {isa = PBXFileReference; explicitFileType = wrapper.framework; includeInIndex = 0; path = Pods_P4_shuffle_cards_app.framework; sourceTree = BUILT_PRODUCTS_DIR; };
		C21BA0B8285C23BE00949227 /* BasicRequestFeatures.swift */ = {isa = PBXFileReference; lastKnownFileType = sourcecode.swift; path = BasicRequestFeatures.swift; sourceTree = "<group>"; };
		C21BA0BA285C247A00949227 /* CollectionViewFeatures.swift */ = {isa = PBXFileReference; lastKnownFileType = sourcecode.swift; path = CollectionViewFeatures.swift; sourceTree = "<group>"; };
		C21BA0BC285C25AF00949227 /* ImproveRequestFeatures.swift */ = {isa = PBXFileReference; lastKnownFileType = sourcecode.swift; path = ImproveRequestFeatures.swift; sourceTree = "<group>"; };
		C21BA0BE285C26B600949227 /* SearchBarFeatures.swift */ = {isa = PBXFileReference; lastKnownFileType = sourcecode.swift; path = SearchBarFeatures.swift; sourceTree = "<group>"; };
		C22E5B5A2852B9C500D12FFC /* P4_shuffle_cards_app.app */ = {isa = PBXFileReference; explicitFileType = wrapper.application; includeInIndex = 0; path = P4_shuffle_cards_app.app; sourceTree = BUILT_PRODUCTS_DIR; };
		C22E5B5D2852B9C500D12FFC /* AppDelegate.swift */ = {isa = PBXFileReference; lastKnownFileType = sourcecode.swift; path = AppDelegate.swift; sourceTree = "<group>"; };
		C22E5B5F2852B9C500D12FFC /* SceneDelegate.swift */ = {isa = PBXFileReference; lastKnownFileType = sourcecode.swift; path = SceneDelegate.swift; sourceTree = "<group>"; };
		C22E5B612852B9C500D12FFC /* ViewController.swift */ = {isa = PBXFileReference; lastKnownFileType = sourcecode.swift; path = ViewController.swift; sourceTree = "<group>"; };
		C22E5B642852B9C500D12FFC /* Base */ = {isa = PBXFileReference; lastKnownFileType = file.storyboard; name = Base; path = Base.lproj/Main.storyboard; sourceTree = "<group>"; };
		C22E5B662852B9C500D12FFC /* Assets.xcassets */ = {isa = PBXFileReference; lastKnownFileType = folder.assetcatalog; path = Assets.xcassets; sourceTree = "<group>"; };
		C22E5B692852B9C500D12FFC /* Base */ = {isa = PBXFileReference; lastKnownFileType = file.storyboard; name = Base; path = Base.lproj/LaunchScreen.storyboard; sourceTree = "<group>"; };
		C22E5B6B2852B9C500D12FFC /* Info.plist */ = {isa = PBXFileReference; lastKnownFileType = text.plist.xml; path = Info.plist; sourceTree = "<group>"; };
		C22E5B742852BE5100D12FFC /* CardCollectionViewCell.swift */ = {isa = PBXFileReference; lastKnownFileType = sourcecode.swift; path = CardCollectionViewCell.swift; sourceTree = "<group>"; };
		C22E5B752852BE5100D12FFC /* CardCollectionViewCell.xib */ = {isa = PBXFileReference; lastKnownFileType = file.xib; path = CardCollectionViewCell.xib; sourceTree = "<group>"; };
		C2ADD08228582349000588A4 /* NetworkManager.swift */ = {isa = PBXFileReference; lastKnownFileType = sourcecode.swift; path = NetworkManager.swift; sourceTree = "<group>"; };
		C2ADD084285823F0000588A4 /* ShuffleDeck.swift */ = {isa = PBXFileReference; lastKnownFileType = sourcecode.swift; path = ShuffleDeck.swift; sourceTree = "<group>"; };
		C2ADD08828582633000588A4 /* CardsResponse.swift */ = {isa = PBXFileReference; lastKnownFileType = sourcecode.swift; path = CardsResponse.swift; sourceTree = "<group>"; };
		EF676D24FB4F5ED5256B817C /* Pods-P4_shuffle_cards_app.debug.xcconfig */ = {isa = PBXFileReference; includeInIndex = 1; lastKnownFileType = text.xcconfig; name = "Pods-P4_shuffle_cards_app.debug.xcconfig"; path = "Target Support Files/Pods-P4_shuffle_cards_app/Pods-P4_shuffle_cards_app.debug.xcconfig"; sourceTree = "<group>"; };
/* End PBXFileReference section */

/* Begin PBXFrameworksBuildPhase section */
		C22E5B572852B9C500D12FFC /* Frameworks */ = {
			isa = PBXFrameworksBuildPhase;
			buildActionMask = 2147483647;
			files = (
				85DF4CD7FE5AB1F6C4DDA36B /* Pods_P4_shuffle_cards_app.framework in Frameworks */,
			);
			runOnlyForDeploymentPostprocessing = 0;
		};
/* End PBXFrameworksBuildPhase section */

/* Begin PBXGroup section */
		23C7093005E6D2E81FD52919 /* Pods */ = {
			isa = PBXGroup;
			children = (
				EF676D24FB4F5ED5256B817C /* Pods-P4_shuffle_cards_app.debug.xcconfig */,
				00B6ADC0048CEFC6157BC608 /* Pods-P4_shuffle_cards_app.release.xcconfig */,
			);
			path = Pods;
			sourceTree = "<group>";
		};
		78B20F542D60DA40851695AC /* Frameworks */ = {
			isa = PBXGroup;
			children = (
				3CD825A12AB01B6C1B8D1E9F /* Pods_P4_shuffle_cards_app.framework */,
			);
			name = Frameworks;
			sourceTree = "<group>";
		};
		C22E5B512852B9C500D12FFC = {
			isa = PBXGroup;
			children = (
				C22E5B5C2852B9C500D12FFC /* P4_shuffle_cards_app */,
				C22E5B5B2852B9C500D12FFC /* Products */,
				23C7093005E6D2E81FD52919 /* Pods */,
				78B20F542D60DA40851695AC /* Frameworks */,
			);
			sourceTree = "<group>";
		};
		C22E5B5B2852B9C500D12FFC /* Products */ = {
			isa = PBXGroup;
			children = (
				C22E5B5A2852B9C500D12FFC /* P4_shuffle_cards_app.app */,
			);
			name = Products;
			sourceTree = "<group>";
		};
		C22E5B5C2852B9C500D12FFC /* P4_shuffle_cards_app */ = {
			isa = PBXGroup;
			children = (
				C2ADD08128582337000588A4 /* models */,
				C2ADD08028582331000588A4 /* managers */,
				C22E5B712852BDE100D12FFC /* cells */,
				C22E5B5D2852B9C500D12FFC /* AppDelegate.swift */,
				C22E5B5F2852B9C500D12FFC /* SceneDelegate.swift */,
				C22E5B612852B9C500D12FFC /* ViewController.swift */,
				C21BA0B8285C23BE00949227 /* BasicRequestFeatures.swift */,
				C21BA0BC285C25AF00949227 /* ImproveRequestFeatures.swift */,
				C21BA0BA285C247A00949227 /* CollectionViewFeatures.swift */,
				C21BA0BE285C26B600949227 /* SearchBarFeatures.swift */,
				C22E5B632852B9C500D12FFC /* Main.storyboard */,
				C22E5B662852B9C500D12FFC /* Assets.xcassets */,
				C22E5B682852B9C500D12FFC /* LaunchScreen.storyboard */,
				C22E5B6B2852B9C500D12FFC /* Info.plist */,
			);
			path = P4_shuffle_cards_app;
			sourceTree = "<group>";
		};
		C22E5B712852BDE100D12FFC /* cells */ = {
			isa = PBXGroup;
			children = (
				C22E5B742852BE5100D12FFC /* CardCollectionViewCell.swift */,
				C22E5B752852BE5100D12FFC /* CardCollectionViewCell.xib */,
			);
			path = cells;
			sourceTree = "<group>";
		};
		C2ADD08028582331000588A4 /* managers */ = {
			isa = PBXGroup;
			children = (
				C2ADD08228582349000588A4 /* NetworkManager.swift */,
			);
			path = managers;
			sourceTree = "<group>";
		};
		C2ADD08128582337000588A4 /* models */ = {
			isa = PBXGroup;
			children = (
				C2ADD084285823F0000588A4 /* ShuffleDeck.swift */,
				C2ADD08828582633000588A4 /* CardsResponse.swift */,
			);
			path = models;
			sourceTree = "<group>";
		};
/* End PBXGroup section */

/* Begin PBXNativeTarget section */
		C22E5B592852B9C500D12FFC /* P4_shuffle_cards_app */ = {
			isa = PBXNativeTarget;
			buildConfigurationList = C22E5B6E2852B9C500D12FFC /* Build configuration list for PBXNativeTarget "P4_shuffle_cards_app" */;
			buildPhases = (
				B3BD57A0BE8D69E95B79475B /* [CP] Check Pods Manifest.lock */,
				C22E5B562852B9C500D12FFC /* Sources */,
				C22E5B572852B9C500D12FFC /* Frameworks */,
				C22E5B582852B9C500D12FFC /* Resources */,
				AA0266ECB2564FFC88494522 /* [CP] Embed Pods Frameworks */,
			);
			buildRules = (
			);
			dependencies = (
			);
			name = P4_shuffle_cards_app;
			productName = P4_shuffle_cards_app;
			productReference = C22E5B5A2852B9C500D12FFC /* P4_shuffle_cards_app.app */;
			productType = "com.apple.product-type.application";
		};
/* End PBXNativeTarget section */

/* Begin PBXProject section */
		C22E5B522852B9C500D12FFC /* Project object */ = {
			isa = PBXProject;
			attributes = {
				BuildIndependentTargetsInParallel = 1;
				LastSwiftUpdateCheck = 1340;
				LastUpgradeCheck = 1340;
				TargetAttributes = {
					C22E5B592852B9C500D12FFC = {
						CreatedOnToolsVersion = 13.4;
					};
				};
			};
			buildConfigurationList = C22E5B552852B9C500D12FFC /* Build configuration list for PBXProject "P4_shuffle_cards_app" */;
			compatibilityVersion = "Xcode 13.0";
			developmentRegion = en;
			hasScannedForEncodings = 0;
			knownRegions = (
				en,
				Base,
			);
			mainGroup = C22E5B512852B9C500D12FFC;
			productRefGroup = C22E5B5B2852B9C500D12FFC /* Products */;
			projectDirPath = "";
			projectRoot = "";
			targets = (
				C22E5B592852B9C500D12FFC /* P4_shuffle_cards_app */,
			);
		};
/* End PBXProject section */

/* Begin PBXResourcesBuildPhase section */
		C22E5B582852B9C500D12FFC /* Resources */ = {
			isa = PBXResourcesBuildPhase;
			buildActionMask = 2147483647;
			files = (
				C22E5B772852BE5100D12FFC /* CardCollectionViewCell.xib in Resources */,
				C22E5B6A2852B9C500D12FFC /* LaunchScreen.storyboard in Resources */,
				C22E5B672852B9C500D12FFC /* Assets.xcassets in Resources */,
				C22E5B652852B9C500D12FFC /* Main.storyboard in Resources */,
			);
			runOnlyForDeploymentPostprocessing = 0;
		};
/* End PBXResourcesBuildPhase section */

/* Begin PBXShellScriptBuildPhase section */
		AA0266ECB2564FFC88494522 /* [CP] Embed Pods Frameworks */ = {
			isa = PBXShellScriptBuildPhase;
			buildActionMask = 2147483647;
			files = (
			);
			inputFileListPaths = (
				"${PODS_ROOT}/Target Support Files/Pods-P4_shuffle_cards_app/Pods-P4_shuffle_cards_app-frameworks-${CONFIGURATION}-input-files.xcfilelist",
			);
			name = "[CP] Embed Pods Frameworks";
			outputFileListPaths = (
				"${PODS_ROOT}/Target Support Files/Pods-P4_shuffle_cards_app/Pods-P4_shuffle_cards_app-frameworks-${CONFIGURATION}-output-files.xcfilelist",
			);
			runOnlyForDeploymentPostprocessing = 0;
			shellPath = /bin/sh;
			shellScript = "\"${PODS_ROOT}/Target Support Files/Pods-P4_shuffle_cards_app/Pods-P4_shuffle_cards_app-frameworks.sh\"\n";
			showEnvVarsInLog = 0;
		};
		B3BD57A0BE8D69E95B79475B /* [CP] Check Pods Manifest.lock */ = {
			isa = PBXShellScriptBuildPhase;
			buildActionMask = 2147483647;
			files = (
			);
			inputFileListPaths = (
			);
			inputPaths = (
				"${PODS_PODFILE_DIR_PATH}/Podfile.lock",
				"${PODS_ROOT}/Manifest.lock",
			);
			name = "[CP] Check Pods Manifest.lock";
			outputFileListPaths = (
			);
			outputPaths = (
				"$(DERIVED_FILE_DIR)/Pods-P4_shuffle_cards_app-checkManifestLockResult.txt",
			);
			runOnlyForDeploymentPostprocessing = 0;
			shellPath = /bin/sh;
			shellScript = "diff \"${PODS_PODFILE_DIR_PATH}/Podfile.lock\" \"${PODS_ROOT}/Manifest.lock\" > /dev/null\nif [ $? != 0 ] ; then\n    # print error to STDERR\n    echo \"error: The sandbox is not in sync with the Podfile.lock. Run 'pod install' or update your CocoaPods installation.\" >&2\n    exit 1\nfi\n# This output is used by Xcode 'outputs' to avoid re-running this script phase.\necho \"SUCCESS\" > \"${SCRIPT_OUTPUT_FILE_0}\"\n";
			showEnvVarsInLog = 0;
		};
/* End PBXShellScriptBuildPhase section */

/* Begin PBXSourcesBuildPhase section */
		C22E5B562852B9C500D12FFC /* Sources */ = {
			isa = PBXSourcesBuildPhase;
			buildActionMask = 2147483647;
			files = (
				C2ADD085285823F0000588A4 /* ShuffleDeck.swift in Sources */,
				C22E5B762852BE5100D12FFC /* CardCollectionViewCell.swift in Sources */,
				C22E5B622852B9C500D12FFC /* ViewController.swift in Sources */,
				C21BA0BD285C25AF00949227 /* ImproveRequestFeatures.swift in Sources */,
				C2ADD08328582349000588A4 /* NetworkManager.swift in Sources */,
				C22E5B5E2852B9C500D12FFC /* AppDelegate.swift in Sources */,
				C22E5B602852B9C500D12FFC /* SceneDelegate.swift in Sources */,
				C21BA0BB285C247A00949227 /* CollectionViewFeatures.swift in Sources */,
				C2ADD08928582633000588A4 /* CardsResponse.swift in Sources */,
				C21BA0BF285C26B600949227 /* SearchBarFeatures.swift in Sources */,
				C21BA0B9285C23BE00949227 /* BasicRequestFeatures.swift in Sources */,
			);
			runOnlyForDeploymentPostprocessing = 0;
		};
/* End PBXSourcesBuildPhase section */

/* Begin PBXVariantGroup section */
		C22E5B632852B9C500D12FFC /* Main.storyboard */ = {
			isa = PBXVariantGroup;
			children = (
				C22E5B642852B9C500D12FFC /* Base */,
			);
			name = Main.storyboard;
			sourceTree = "<group>";
		};
		C22E5B682852B9C500D12FFC /* LaunchScreen.storyboard */ = {
			isa = PBXVariantGroup;
			children = (
				C22E5B692852B9C500D12FFC /* Base */,
			);
			name = LaunchScreen.storyboard;
			sourceTree = "<group>";
		};
/* End PBXVariantGroup section */

/* Begin XCBuildConfiguration section */
		C22E5B6C2852B9C500D12FFC /* Debug */ = {
			isa = XCBuildConfiguration;
			buildSettings = {
				ALWAYS_SEARCH_USER_PATHS = NO;
				CLANG_ANALYZER_NONNULL = YES;
				CLANG_ANALYZER_NUMBER_OBJECT_CONVERSION = YES_AGGRESSIVE;
				CLANG_CXX_LANGUAGE_STANDARD = "gnu++17";
				CLANG_ENABLE_MODULES = YES;
				CLANG_ENABLE_OBJC_ARC = YES;
				CLANG_ENABLE_OBJC_WEAK = YES;
				CLANG_WARN_BLOCK_CAPTURE_AUTORELEASING = YES;
				CLANG_WARN_BOOL_CONVERSION = YES;
				CLANG_WARN_COMMA = YES;
				CLANG_WARN_CONSTANT_CONVERSION = YES;
				CLANG_WARN_DEPRECATED_OBJC_IMPLEMENTATIONS = YES;
				CLANG_WARN_DIRECT_OBJC_ISA_USAGE = YES_ERROR;
				CLANG_WARN_DOCUMENTATION_COMMENTS = YES;
				CLANG_WARN_EMPTY_BODY = YES;
				CLANG_WARN_ENUM_CONVERSION = YES;
				CLANG_WARN_INFINITE_RECURSION = YES;
				CLANG_WARN_INT_CONVERSION = YES;
				CLANG_WARN_NON_LITERAL_NULL_CONVERSION = YES;
				CLANG_WARN_OBJC_IMPLICIT_RETAIN_SELF = YES;
				CLANG_WARN_OBJC_LITERAL_CONVERSION = YES;
				CLANG_WARN_OBJC_ROOT_CLASS = YES_ERROR;
				CLANG_WARN_QUOTED_INCLUDE_IN_FRAMEWORK_HEADER = YES;
				CLANG_WARN_RANGE_LOOP_ANALYSIS = YES;
				CLANG_WARN_STRICT_PROTOTYPES = YES;
				CLANG_WARN_SUSPICIOUS_MOVE = YES;
				CLANG_WARN_UNGUARDED_AVAILABILITY = YES_AGGRESSIVE;
				CLANG_WARN_UNREACHABLE_CODE = YES;
				CLANG_WARN__DUPLICATE_METHOD_MATCH = YES;
				COPY_PHASE_STRIP = NO;
				DEBUG_INFORMATION_FORMAT = dwarf;
				ENABLE_STRICT_OBJC_MSGSEND = YES;
				ENABLE_TESTABILITY = YES;
				GCC_C_LANGUAGE_STANDARD = gnu11;
				GCC_DYNAMIC_NO_PIC = NO;
				GCC_NO_COMMON_BLOCKS = YES;
				GCC_OPTIMIZATION_LEVEL = 0;
				GCC_PREPROCESSOR_DEFINITIONS = (
					"DEBUG=1",
					"$(inherited)",
				);
				GCC_WARN_64_TO_32_BIT_CONVERSION = YES;
				GCC_WARN_ABOUT_RETURN_TYPE = YES_ERROR;
				GCC_WARN_UNDECLARED_SELECTOR = YES;
				GCC_WARN_UNINITIALIZED_AUTOS = YES_AGGRESSIVE;
				GCC_WARN_UNUSED_FUNCTION = YES;
				GCC_WARN_UNUSED_VARIABLE = YES;
				IPHONEOS_DEPLOYMENT_TARGET = 15.5;
				MTL_ENABLE_DEBUG_INFO = INCLUDE_SOURCE;
				MTL_FAST_MATH = YES;
				ONLY_ACTIVE_ARCH = YES;
				SDKROOT = iphoneos;
				SWIFT_ACTIVE_COMPILATION_CONDITIONS = DEBUG;
				SWIFT_OPTIMIZATION_LEVEL = "-Onone";
			};
			name = Debug;
		};
		C22E5B6D2852B9C500D12FFC /* Release */ = {
			isa = XCBuildConfiguration;
			buildSettings = {
				ALWAYS_SEARCH_USER_PATHS = NO;
				CLANG_ANALYZER_NONNULL = YES;
				CLANG_ANALYZER_NUMBER_OBJECT_CONVERSION = YES_AGGRESSIVE;
				CLANG_CXX_LANGUAGE_STANDARD = "gnu++17";
				CLANG_ENABLE_MODULES = YES;
				CLANG_ENABLE_OBJC_ARC = YES;
				CLANG_ENABLE_OBJC_WEAK = YES;
				CLANG_WARN_BLOCK_CAPTURE_AUTORELEASING = YES;
				CLANG_WARN_BOOL_CONVERSION = YES;
				CLANG_WARN_COMMA = YES;
				CLANG_WARN_CONSTANT_CONVERSION = YES;
				CLANG_WARN_DEPRECATED_OBJC_IMPLEMENTATIONS = YES;
				CLANG_WARN_DIRECT_OBJC_ISA_USAGE = YES_ERROR;
				CLANG_WARN_DOCUMENTATION_COMMENTS = YES;
				CLANG_WARN_EMPTY_BODY = YES;
				CLANG_WARN_ENUM_CONVERSION = YES;
				CLANG_WARN_INFINITE_RECURSION = YES;
				CLANG_WARN_INT_CONVERSION = YES;
				CLANG_WARN_NON_LITERAL_NULL_CONVERSION = YES;
				CLANG_WARN_OBJC_IMPLICIT_RETAIN_SELF = YES;
				CLANG_WARN_OBJC_LITERAL_CONVERSION = YES;
				CLANG_WARN_OBJC_ROOT_CLASS = YES_ERROR;
				CLANG_WARN_QUOTED_INCLUDE_IN_FRAMEWORK_HEADER = YES;
				CLANG_WARN_RANGE_LOOP_ANALYSIS = YES;
				CLANG_WARN_STRICT_PROTOTYPES = YES;
				CLANG_WARN_SUSPICIOUS_MOVE = YES;
				CLANG_WARN_UNGUARDED_AVAILABILITY = YES_AGGRESSIVE;
				CLANG_WARN_UNREACHABLE_CODE = YES;
				CLANG_WARN__DUPLICATE_METHOD_MATCH = YES;
				COPY_PHASE_STRIP = NO;
				DEBUG_INFORMATION_FORMAT = "dwarf-with-dsym";
				ENABLE_NS_ASSERTIONS = NO;
				ENABLE_STRICT_OBJC_MSGSEND = YES;
				GCC_C_LANGUAGE_STANDARD = gnu11;
				GCC_NO_COMMON_BLOCKS = YES;
				GCC_WARN_64_TO_32_BIT_CONVERSION = YES;
				GCC_WARN_ABOUT_RETURN_TYPE = YES_ERROR;
				GCC_WARN_UNDECLARED_SELECTOR = YES;
				GCC_WARN_UNINITIALIZED_AUTOS = YES_AGGRESSIVE;
				GCC_WARN_UNUSED_FUNCTION = YES;
				GCC_WARN_UNUSED_VARIABLE = YES;
				IPHONEOS_DEPLOYMENT_TARGET = 15.5;
				MTL_ENABLE_DEBUG_INFO = NO;
				MTL_FAST_MATH = YES;
				SDKROOT = iphoneos;
				SWIFT_COMPILATION_MODE = wholemodule;
				SWIFT_OPTIMIZATION_LEVEL = "-O";
				VALIDATE_PRODUCT = YES;
			};
			name = Release;
		};
		C22E5B6F2852B9C500D12FFC /* Debug */ = {
			isa = XCBuildConfiguration;
			baseConfigurationReference = EF676D24FB4F5ED5256B817C /* Pods-P4_shuffle_cards_app.debug.xcconfig */;
			buildSettings = {
				ASSETCATALOG_COMPILER_APPICON_NAME = AppIcon;
				ASSETCATALOG_COMPILER_GLOBAL_ACCENT_COLOR_NAME = AccentColor;
				CODE_SIGN_STYLE = Automatic;
				CURRENT_PROJECT_VERSION = 1;
				DEVELOPMENT_TEAM = X2663B4F4Y;
				GENERATE_INFOPLIST_FILE = YES;
				INFOPLIST_FILE = P4_shuffle_cards_app/Info.plist;
				INFOPLIST_KEY_UIApplicationSupportsIndirectInputEvents = YES;
				INFOPLIST_KEY_UILaunchStoryboardName = LaunchScreen;
				INFOPLIST_KEY_UIMainStoryboardFile = Main;
				INFOPLIST_KEY_UISupportedInterfaceOrientations_iPad = "UIInterfaceOrientationPortrait UIInterfaceOrientationPortraitUpsideDown UIInterfaceOrientationLandscapeLeft UIInterfaceOrientationLandscapeRight";
				INFOPLIST_KEY_UISupportedInterfaceOrientations_iPhone = "UIInterfaceOrientationPortrait UIInterfaceOrientationLandscapeLeft UIInterfaceOrientationLandscapeRight";
				LD_RUNPATH_SEARCH_PATHS = (
					"$(inherited)",
					"@executable_path/Frameworks",
				);
				MARKETING_VERSION = 1.0;
				PRODUCT_BUNDLE_IDENTIFIER = "com.logatus.P4-shuffle-cards-app";
				PRODUCT_NAME = "$(TARGET_NAME)";
				SWIFT_EMIT_LOC_STRINGS = YES;
				SWIFT_VERSION = 5.0;
				TARGETED_DEVICE_FAMILY = "1,2";
			};
			name = Debug;
		};
		C22E5B702852B9C500D12FFC /* Release */ = {
			isa = XCBuildConfiguration;
			baseConfigurationReference = 00B6ADC0048CEFC6157BC608 /* Pods-P4_shuffle_cards_app.release.xcconfig */;
			buildSettings = {
				ASSETCATALOG_COMPILER_APPICON_NAME = AppIcon;
				ASSETCATALOG_COMPILER_GLOBAL_ACCENT_COLOR_NAME = AccentColor;
				CODE_SIGN_STYLE = Automatic;
				CURRENT_PROJECT_VERSION = 1;
				DEVELOPMENT_TEAM = X2663B4F4Y;
				GENERATE_INFOPLIST_FILE = YES;
				INFOPLIST_FILE = P4_shuffle_cards_app/Info.plist;
				INFOPLIST_KEY_UIApplicationSupportsIndirectInputEvents = YES;
				INFOPLIST_KEY_UILaunchStoryboardName = LaunchScreen;
				INFOPLIST_KEY_UIMainStoryboardFile = Main;
				INFOPLIST_KEY_UISupportedInterfaceOrientations_iPad = "UIInterfaceOrientationPortrait UIInterfaceOrientationPortraitUpsideDown UIInterfaceOrientationLandscapeLeft UIInterfaceOrientationLandscapeRight";
				INFOPLIST_KEY_UISupportedInterfaceOrientations_iPhone = "UIInterfaceOrientationPortrait UIInterfaceOrientationLandscapeLeft UIInterfaceOrientationLandscapeRight";
				LD_RUNPATH_SEARCH_PATHS = (
					"$(inherited)",
					"@executable_path/Frameworks",
				);
				MARKETING_VERSION = 1.0;
				PRODUCT_BUNDLE_IDENTIFIER = "com.logatus.P4-shuffle-cards-app";
				PRODUCT_NAME = "$(TARGET_NAME)";
				SWIFT_EMIT_LOC_STRINGS = YES;
				SWIFT_VERSION = 5.0;
				TARGETED_DEVICE_FAMILY = "1,2";
			};
			name = Release;
		};
/* End XCBuildConfiguration section */

/* Begin XCConfigurationList section */
		C22E5B552852B9C500D12FFC /* Build configuration list for PBXProject "P4_shuffle_cards_app" */ = {
			isa = XCConfigurationList;
			buildConfigurations = (
				C22E5B6C2852B9C500D12FFC /* Debug */,
				C22E5B6D2852B9C500D12FFC /* Release */,
			);
			defaultConfigurationIsVisible = 0;
			defaultConfigurationName = Release;
		};
		C22E5B6E2852B9C500D12FFC /* Build configuration list for PBXNativeTarget "P4_shuffle_cards_app" */ = {
			isa = XCConfigurationList;
			buildConfigurations = (
				C22E5B6F2852B9C500D12FFC /* Debug */,
				C22E5B702852B9C500D12FFC /* Release */,
			);
			defaultConfigurationIsVisible = 0;
			defaultConfigurationName = Release;
		};
/* End XCConfigurationList section */
	};
	rootObject = C22E5B522852B9C500D12FFC /* Project object */;
}
